github.com/bsdpunk/dndshell v0.0.0-20201113202820-4e438d7ce7f2 h1:Lf7FzsVkr8+bQwKsfaTBe+yVKt/uYSJe+weRvlrDzzM=
github.com/bsdpunk/dndshell v0.0.0-20201113202820-4e438d7ce7f2/go.mod h1:EFykJZqv8BoSj+pdA84Wj74rm0DxnizOI+WVitmmYJQ=
github.com/davecgh/go-spew v1.1.1 h1:vj9j/u1bqnvCEfJOwUhtlOARqs3+rkHYY13jYWTU97c=
github.com/davecgh/go-spew v1.1.1/go.mod h1:J7Y8YcW2NihsgmVo/mv3lAwl/skON4iLHjSsI+c5H38=
github.com/elgs/gojq v0.0.0-20230628214826-df5c4045598e h1:IqtrtHGLZWsJUFOirlGqCcEiUuwKvvqNPTfDBe1Js4I=
github.com/elgs/gojq v0.0.0-20230628214826-df5c4045598e/go.mod h1:pch6Iql7yrlJzBXUherIz3++afXbgTZZTBWBtr+Znjw=
github.com/elgs/gosplitargs v0.0.0-20230310130726-7d16e488436a h1:vO9yvZPJqJMJJsFdaD+sLkwjZfxzr/0fm22AnW8R6ms=
github.com/elgs/gosplitargs v0.0.0-20230310130726-7d16e488436a/go.mod h1:1zHirgOZTAY00iwXKAX0NsVKjwkwjSr1P+yqciHfRH0=
github.com/elgs/jsonql v0.0.0-20200329014701-4e420b8aa13a h1:OvKS9n4h3yZe7CNakxktXigQzbmOXpEem9HBB23qfxY=
github.com/elgs/jsonql v0.0.0-20200329014701-4e420b8aa13a/go.mod h1:8DZMFjT1ud2nlIkei0loC0VwZFOzJqF9xwxPWtHnEok=
github.com/gobs/readline v0.0.0-20170926231444-6e67dc6279f7 h1:XgEIVtuTLN5IwZXaV0MjhgvJ//vDd7x41lnDeM+i/5A=
github.com/gobs/readline v0.0.0-20170926231444-6e67dc6279f7/go.mod h1:3Uep5gw32lz9w3eUUDq9x4onizOQIxJl1Dk2erZKUSE=
github.com/mattn/go-runewidth v0.0.16 h1:E5ScNMtiwvlvB5paMFdw9p4kSQzbXFikJ5SQO6TULQc=
github.com/mattn/go-runewidth v0.0.16/go.mod h1:Jdepj2loyihRzMpdS35Xk/zdY8IAYHsh153qUoGf23w=
github.com/mitchellh/go-homedir v1.1.0 h1:lukF9ziXFxDFPkA1vsr5zpc1XuPDn/wFntq5mG+4E0Y=
github.com/mitchellh/go-homedir v1.1.0/go.mod h1:SfyaCUpYCn1Vlf4IUYiD9fPX4A5wJrkLzIz1N1q0pr0=
github.com/pmezard/go-difflib v1.0.0 h1:4DBwDE0NGyQoBHbLQYPwSUPoCMWR5BEzIk/f1lZbAQM=
github.com/pmezard/go-difflib v1.0.0/go.mod h1:iKH77koFhYxTK1pcRnkKkqfTogsbg7gZNVY4sRDYZ/4=
github.com/rivo/uniseg v0.2.0 h1:S1pD9weZBuJdFmowNwbpi7BJ8TNftyUImj/0WQi72jY=
github.com/rivo/uniseg v0.2.0/go.mod h1:J6wj4VEh+S6ZtnVlnTBMWIodfgj8LQOQFoIToxlJtxc=
github.com/stretchr/testify v1.8.2 h1:+h33VjcLVPDHtOdpUCuF+7gSuG3yGIftsP1YvFihtJ8=
github.com/stretchr/testify v1.8.2/go.mod h1:w2LPCIKwWwSfY2zedu0+kehJoqGctiVI29o6fzry7u4=
github.com/tatsushid/go-prettytable v0.0.0-20141013043238-ed2d14c29939 h1:BhIUXV2ySTLrKgh/Hnts+QTQlIbWtomXt3LMdzME0A0=
github.com/tatsushid/go-prettytable v0.0.0-20141013043238-ed2d14c29939/go.mod h1:omGxs4/6hNjxPKUTjmaNkPzehSnNJOJN6pMEbrlYIT4=
gopkg.in/yaml.v3 v3.0.1 h1:fxVm/GzAzEWqLHuvctI91KS9hhNmmWOoWu0XTYJS7CA=
gopkg.in/yaml.v3 v3.0.1/go.mod h1:K4uyk7z7BCEPqu6E+C64Yfv1cQ7kz7rIZviUmN+EgEM=
